<?xml version="1.0" encoding="utf-8"?>
<Project ToolsVersion="4.0" xmlns="http://schemas.microsoft.com/developer/msbuild/2003">
  <ItemGroup>
    <Filter Include="Source Files">
      <UniqueIdentifier>{4FC737F1-C7A5-4376-A066-2A32D752A2FF}</UniqueIdentifier>
      <Extensions>cpp;c;cc;cxx;c++;cppm;ixx;def;odl;idl;hpj;bat;asm;asmx</Extensions>
    </Filter>
    <Filter Include="Header Files">
      <UniqueIdentifier>{93995380-89BD-4b04-88EB-625FBE52EBFB}</UniqueIdentifier>
      <Extensions>h;hh;hpp;hxx;h++;hm;inl;inc;ipp;xsd</Extensions>
    </Filter>
    <Filter Include="Resource Files">
      <UniqueIdentifier>{67DA6AB6-F800-4c08-8B7A-83BB121AAD01}</UniqueIdentifier>
      <Extensions>rc;ico;cur;bmp;dlg;rc2;rct;bin;rgs;gif;jpg;jpeg;jpe;resx;tiff;tif;png;wav;mfcribbon-ms</Extensions>
    </Filter>
  </ItemGroup>
  <ItemGroup>
    <ClCompile Include="main.cpp">
      <Filter>Source Files</Filter>
    </ClCompile>
    <ClCompile Include="Universal\ImGui\imgui.cpp">
      <Filter>Source Files</Filter>
    </ClCompile>
    <ClCompile Include="Universal\ImGui\imgui_demo.cpp">
      <Filter>Source Files</Filter>
    </ClCompile>
    <ClCompile Include="Universal\ImGui\imgui_draw.cpp">
      <Filter>Source Files</Filter>
    </ClCompile>
    <ClCompile Include="Universal\ImGui\imgui_tables.cpp">
      <Filter>Source Files</Filter>
    </ClCompile>
    <ClCompile Include="Universal\ImGui\imgui_widgets.cpp">
      <Filter>Source Files</Filter>
    </ClCompile>
    <ClCompile Include="Universal\ImGui\backends\imgui_impl_glfw.cpp">
      <Filter>Source Files</Filter>
    </ClCompile>
    <ClCompile Include="Universal\ImGui\backends\imgui_impl_opengl2.cpp">
      <Filter>Source Files</Filter>
    </ClCompile>
    <ClCompile Include="Universal\ImGui\backends\imgui_impl_opengl3.cpp">
      <Filter>Source Files</Filter>
    </ClCompile>
    <ClCompile Include="Universal\ImGui\misc\cpp\imgui_stdlib.cpp">
      <Filter>Source Files</Filter>
    </ClCompile>
    <ClCompile Include="Source\Graphics_Engine\OpenGL_window\opengl_context.cpp">
      <Filter>Source Files</Filter>
    </ClCompile>
    <ClCompile Include="Source\Editor\Shader\shader_import_export.h">
      <Filter>Source Files</Filter>
    </ClCompile>
    <ClCompile Include="Universal\tinyFileDialog\tinyfiledialogs.c">
      <Filter>Source Files</Filter>
    </ClCompile>
    <ClCompile Include="Source\Modules\Module_Voxel_Byte\Render\voxel_hcp_render.h">
      <Filter>Source Files</Filter>
    </ClCompile>
    <ClCompile Include="Universal\imGuIZMO_quat\imGuIZMOquat.cpp">
      <Filter>Source Files</Filter>
    </ClCompile>
  </ItemGroup>
  <ItemGroup>
    <ClInclude Include="Universal\ImGui\imconfig.h">
      <Filter>Header Files</Filter>
    </ClInclude>
    <ClInclude Include="Universal\ImGui\imgui.h">
      <Filter>Header Files</Filter>
    </ClInclude>
    <ClInclude Include="Universal\ImGui\imgui_internal.h">
      <Filter>Header Files</Filter>
    </ClInclude>
    <ClInclude Include="Universal\ImGui\imstb_rectpack.h">
      <Filter>Header Files</Filter>
    </ClInclude>
    <ClInclude Include="Universal\ImGui\imstb_textedit.h">
      <Filter>Header Files</Filter>
    </ClInclude>
    <ClInclude Include="Universal\ImGui\imstb_truetype.h">
      <Filter>Header Files</Filter>
    </ClInclude>
    <ClInclude Include="Universal\ImGui\backends\imgui_impl_glfw.h">
      <Filter>Header Files</Filter>
    </ClInclude>
    <ClInclude Include="Universal\ImGui\backends\imgui_impl_opengl2.h">
      <Filter>Header Files</Filter>
    </ClInclude>
    <ClInclude Include="Universal\ImGui\backends\imgui_impl_opengl3.h">
      <Filter>Header Files</Filter>
    </ClInclude>
    <ClInclude Include="Universal\ImGui\backends\imgui_impl_opengl3_loader.h">
      <Filter>Header Files</Filter>
    </ClInclude>
    <ClInclude Include="Universal\ImGui\misc\cpp\imgui_stdlib.h">
      <Filter>Header Files</Filter>
    </ClInclude>
    <ClInclude Include="Universal\ImGui\misc\single_file\imgui_single_file.h">
      <Filter>Header Files</Filter>
    </ClInclude>
    <ClInclude Include="Universal\Framework\Common\FWdefinitions.h">
      <Filter>Header Files</Filter>
    </ClInclude>
    <ClInclude Include="Universal\Framework\FWstring_tools.h">
      <Filter>Header Files</Filter>
    </ClInclude>
    <ClInclude Include="Source\vw_application.h">
      <Filter>Header Files</Filter>
    </ClInclude>
    <ClInclude Include="Source\Editor\Main_Window\main_window.h">
      <Filter>Header Files</Filter>
    </ClInclude>
    <ClInclude Include="Source\Graphics_Engine\Common\pch.h">
      <Filter>Header Files</Filter>
    </ClInclude>
    <ClInclude Include="Source\Graphics_Engine\OpenGL_window\openGL_context.h">
      <Filter>Header Files</Filter>
    </ClInclude>
    <ClInclude Include="Source\Graphics_Engine\OpenGL_window\opengl_window_basis.h">
      <Filter>Header Files</Filter>
    </ClInclude>
    <ClInclude Include="Source\Graphics_Engine\OpenGL_window\ui_context.h">
      <Filter>Header Files</Filter>
    </ClInclude>
    <ClInclude Include="Source\Graphics_Engine\Viewer\scene_viewer.h">
      <Filter>Header Files</Filter>
    </ClInclude>
    <ClInclude Include="Source\Graphics_Engine\Common\user_interaction.h">
      <Filter>Header Files</Filter>
    </ClInclude>
    <ClInclude Include="Source\Editor\Main_Window\Panels\property_panel.h">
      <Filter>Header Files</Filter>
    </ClInclude>
    <ClInclude Include="Source\Editor\Main_Window\Widgets\imgui_widgets.h">
      <Filter>Header Files</Filter>
    </ClInclude>
    <ClInclude Include="Source\Graphics_Engine\Render\Buffers\frame_buffer.h">
      <Filter>Header Files</Filter>
    </ClInclude>
    <ClInclude Include="Source\Graphics_Engine\Geometry\geometry_basis.h">
      <Filter>Header Files</Filter>
    </ClInclude>
    <ClInclude Include="Source\Graphics_Engine\Render\Buffers\vertex_buffer.h">
      <Filter>Header Files</Filter>
    </ClInclude>
    <ClInclude Include="Source\Graphics_Engine\Geometry\vertex_data.h">
      <Filter>Header Files</Filter>
    </ClInclude>
    <ClInclude Include="Source\Graphics_Engine\Shader\shader.h">
      <Filter>Header Files</Filter>
    </ClInclude>
    <ClInclude Include="Source\Graphics_Engine\Common\definitions.h">
      <Filter>Header Files</Filter>
    </ClInclude>
    <ClInclude Include="Source\Graphics_Engine\Shader\shader_manager.h">
      <Filter>Header Files</Filter>
    </ClInclude>
    <ClInclude Include="Source\Graphics_Engine\Scene\scene_node.h">
      <Filter>Header Files</Filter>
    </ClInclude>
    <ClInclude Include="Source\Graphics_Engine\Scene\scene_graph_object.h">
      <Filter>Header Files</Filter>
    </ClInclude>
    <ClInclude Include="Source\Graphics_Engine\Scene\scene_graph_manager.h">
      <Filter>Header Files</Filter>
    </ClInclude>
    <ClInclude Include="Source\Graphics_Engine\Scene\Scene_objects\camera_object.h">
      <Filter>Header Files</Filter>
    </ClInclude>
    <ClInclude Include="Source\Graphics_Engine\Scene\Scene_objects\light_object.h">
      <Filter>Header Files</Filter>
    </ClInclude>
    <ClInclude Include="Source\Graphics_Engine\Scene\Scene_objects\render_object.h">
      <Filter>Header Files</Filter>
    </ClInclude>
    <ClInclude Include="Source\Graphics_Engine\Geometry\mesh.h">
      <Filter>Header Files</Filter>
    </ClInclude>
    <ClInclude Include="Source\Graphics_Engine\Geometry\point_cloud.h">
      <Filter>Header Files</Filter>
    </ClInclude>
    <ClInclude Include="Source\Graphics_Engine\Shader\shader_parameters.h">
      <Filter>Header Files</Filter>
    </ClInclude>
    <ClInclude Include="Source\Graphics_Engine\Shader\shader_components.h">
      <Filter>Header Files</Filter>
    </ClInclude>
    <ClInclude Include="Source\Modules\Module_Voxel_Byte\Voxel_hcp_object\parameters.h">
      <Filter>Header Files</Filter>
    </ClInclude>
    <ClInclude Include="Source\Modules\Module_Voxel_Byte\Voxel_hcp_object\voxel_data_storage.h">
      <Filter>Header Files</Filter>
    </ClInclude>
    <ClInclude Include="Source\Modules\Module_Voxel_Byte\Voxel_hcp_object\voxel_hcp_object.h">
      <Filter>Header Files</Filter>
    </ClInclude>
    <ClInclude Include="Source\Modules\Module_Voxel_Byte\Voxel_hcp_object\DataTypes\dt_voxel_automata.h">
      <Filter>Header Files</Filter>
    </ClInclude>
    <ClInclude Include="Source\Modules\Module_Voxel_Byte\Voxel_hcp_object\DataTypes\dt_voxel_generator.h">
      <Filter>Header Files</Filter>
    </ClInclude>
    <ClInclude Include="Source\Modules\Module_Voxel_Byte\Voxel_hcp_object\DataTypes\dt_voxel_interaction.h">
      <Filter>Header Files</Filter>
    </ClInclude>
    <ClInclude Include="Source\Editor\Common\definitions.h">
      <Filter>Header Files</Filter>
    </ClInclude>
    <ClInclude Include="Source\Editor\Object\object_basis.h">
      <Filter>Header Files</Filter>
    </ClInclude>
    <ClInclude Include="Source\Editor\Main_Window\Panels\outliner_panel.h">
      <Filter>Header Files</Filter>
    </ClInclude>
    <ClInclude Include="Source\Editor\Main_Window\Panels\parameter_panel.h">
      <Filter>Header Files</Filter>
    </ClInclude>
    <ClInclude Include="Source\Editor\Scene\scene_entities_db_manager.h">
      <Filter>Header Files</Filter>
    </ClInclude>
    <ClInclude Include="Source\Editor\Scene\scene_manager.h">
      <Filter>Header Files</Filter>
    </ClInclude>
    <ClInclude Include="Source\Modules\Module_Voxel_Byte\Editor\Scene\voxel_hcp_scene_objects.h">
      <Filter>Header Files</Filter>
    </ClInclude>
    <ClInclude Include="Universal\Framework\FWfile_tools.h">
      <Filter>Header Files</Filter>
    </ClInclude>
    <ClInclude Include="Source\Editor\Main_Window\Outliner\outliner_node.h">
      <Filter>Header Files</Filter>
    </ClInclude>
    <ClInclude Include="Source\Editor\Main_Window\Outliner\outliner_manager.h">
      <Filter>Header Files</Filter>
    </ClInclude>
    <ClInclude Include="Source\Editor\Common\imgui_custom.h">
      <Filter>Header Files</Filter>
    </ClInclude>
    <ClInclude Include="Source\Editor\Common\imgui_custom_definitions.h">
      <Filter>Header Files</Filter>
    </ClInclude>
    <ClInclude Include="Source\Editor\Common\IconsFontAwesome.h">
      <Filter>Header Files</Filter>
    </ClInclude>
    <ClInclude Include="Source\Editor\Kernal\id_key_manager.h">
      <Filter>Header Files</Filter>
    </ClInclude>
    <ClInclude Include="Source\Modules\Module_Voxel_Byte\Editor\Widgets\generator_widget.h">
      <Filter>Header Files</Filter>
    </ClInclude>
    <ClInclude Include="Source\Modules\Module_Voxel_Byte\Editor\Widgets\generator_variables_widget.h">
      <Filter>Header Files</Filter>
    </ClInclude>
    <ClInclude Include="Source\Editor\Tools\dialogs.h">
      <Filter>Header Files</Filter>
    </ClInclude>
    <ClInclude Include="Universal\tinyFileDialog\tinyfiledialogs.h">
      <Filter>Header Files</Filter>
    </ClInclude>
    <ClInclude Include="Source\Modules\Module_Voxel_Byte\Compute\voxel_compute_generation.h">
      <Filter>Header Files</Filter>
    </ClInclude>
    <ClInclude Include="Source\Graphics_Engine\Compute\compute_shader.h">
      <Filter>Header Files</Filter>
    </ClInclude>
    <ClInclude Include="Source\Graphics_Engine\Compute\import_compute_expression_code.h">
      <Filter>Header Files</Filter>
    </ClInclude>
    <ClInclude Include="Source\Modules\Module_Voxel_Byte\Kernal\voxel_function_import_export.h">
      <Filter>Header Files</Filter>
    </ClInclude>
    <ClInclude Include="Source\Graphics_Engine\Shader\fragment_shader.h">
      <Filter>Header Files</Filter>
    </ClInclude>
    <ClInclude Include="Source\Graphics_Engine\Shader\geometry_shader.h">
      <Filter>Header Files</Filter>
    </ClInclude>
    <ClInclude Include="Source\Graphics_Engine\Shader\import_shader_code.h">
      <Filter>Header Files</Filter>
    </ClInclude>
    <ClInclude Include="Source\Graphics_Engine\Shader\point_geometry_shader.h">
      <Filter>Header Files</Filter>
    </ClInclude>
    <ClInclude Include="Source\Graphics_Engine\Shader\vertex_shader.h">
      <Filter>Header Files</Filter>
    </ClInclude>
    <ClInclude Include="Source\Graphics_Engine\Shader\vw_shader_basis.h">
      <Filter>Header Files</Filter>
    </ClInclude>
    <ClInclude Include="Source\Editor\Main_Window\Panels\log_panel.h">
      <Filter>Header Files</Filter>
    </ClInclude>
    <ClInclude Include="Source\Editor\Main_Window\Widgets\log_widget.h">
      <Filter>Header Files</Filter>
    </ClInclude>
    <ClInclude Include="Source\Modules\Module_Voxel_Byte\Editor\Widgets\shaders_widget.h">
      <Filter>Header Files</Filter>
    </ClInclude>
    <ClInclude Include="Source\Modules\Module_Voxel_Byte\Editor\Widgets\parameters_widget.h">
      <Filter>Header Files</Filter>
    </ClInclude>
    <ClInclude Include="Source\Modules\Module_Voxel_Byte\Editor\Widgets\shader_variables_widget.h">
      <Filter>Header Files</Filter>
    </ClInclude>
    <ClInclude Include="Source\Editor\Main_Window\Widgets\lighting_properties_widget.h">
      <Filter>Header Files</Filter>
    </ClInclude>
    <ClInclude Include="Source\Editor\Main_Window\Widgets\camera_properties_wiget.h">
      <Filter>Header Files</Filter>
    </ClInclude>
    <ClInclude Include="Source\Editor\Main_Window\Widgets\viewport_properties_widget.h">
      <Filter>Header Files</Filter>
    </ClInclude>
    <ClInclude Include="Source\Editor\Main_Window\Widgets\animation_widget.h">
      <Filter>Header Files</Filter>
    </ClInclude>
    <ClInclude Include="Source\Graphics_Engine\Viewer\Bindings\user_bindings.h">
      <Filter>Header Files</Filter>
    </ClInclude>
    <ClInclude Include="Source\Graphics_Engine\Viewer\Bindings\user_default_bindings.h">
      <Filter>Header Files</Filter>
    </ClInclude>
    <ClInclude Include="Source\Graphics_Engine\Viewer\Bindings\user_interaction_event_binding.h">
      <Filter>Header Files</Filter>
    </ClInclude>
    <ClInclude Include="Source\Modules\Module_Voxel_Byte\Editor\Widgets\automata_widget.h">
      <Filter>Header Files</Filter>
    </ClInclude>
    <ClInclude Include="Source\Modules\Module_Voxel_Byte\Editor\Widgets\automata_rules_widget.h">
      <Filter>Header Files</Filter>
    </ClInclude>
    <ClInclude Include="Source\Modules\Module_Voxel_Byte\Automata\automata_byte_import_export.h">
      <Filter>Header Files</Filter>
    </ClInclude>
    <ClInclude Include="Source\Modules\Module_Voxel_Byte\Automata\voxel_automata_functions.h">
      <Filter>Header Files</Filter>
    </ClInclude>
    <ClInclude Include="Source\Graphics_Engine\Viewer\Extensions\viewer_grid.h">
      <Filter>Header Files</Filter>
    </ClInclude>
    <ClInclude Include="Source\Graphics_Engine\Geometry\lines.h">
      <Filter>Header Files</Filter>
    </ClInclude>
    <ClInclude Include="Universal\imGuIZMO_quat\imGuIZMOquat.h">
      <Filter>Header Files</Filter>
    </ClInclude>
    <ClInclude Include="Universal\imGuIZMO_quat\vgConfig.h">
      <Filter>Header Files</Filter>
    </ClInclude>
    <ClInclude Include="Universal\imGuIZMO_quat\vGizmo.h">
      <Filter>Header Files</Filter>
    </ClInclude>
    <ClInclude Include="Universal\imGuIZMO_quat\vGizmoMath.h">
      <Filter>Header Files</Filter>
    </ClInclude>
    <ClInclude Include="Universal\imGuIZMO_quat\vgMath.h">
      <Filter>Header Files</Filter>
    </ClInclude>
    <ClInclude Include="Source\Modules\Module_Voxel_Byte\Functions\vw_voxel_exports.h">
      <Filter>Header Files</Filter>
    </ClInclude>
    <ClInclude Include="Source\Modules\Module_Voxel_Byte\Functions\voxel_basic_functions.h">
      <Filter>Header Files</Filter>
    </ClInclude>
    <ClInclude Include="Source\Modules\Module_Voxel_Byte\Marching\voxel_hcp_marching_data.h">
      <Filter>Header Files</Filter>
    </ClInclude>
    <ClInclude Include="Source\Modules\Module_Voxel_Byte\Animation\voxel_animation_functions.h">
      <Filter>Header Files</Filter>
    </ClInclude>
    <ClInclude Include="Source\Editor\Import_Export\vw_import_export_parameters.h">
      <Filter>Header Files</Filter>
    </ClInclude>
    <ClInclude Include="Source\Modules\Module_Voxel_Byte\Voxel_hcp_object\voxel_hcp_import_export.h">
      <Filter>Header Files</Filter>
    </ClInclude>
    <ClInclude Include="Source\Modules\Module_Hex_Surface\Editor\Scene\hex_surface_scene_objects.h">
      <Filter>Header Files</Filter>
    </ClInclude>
    <ClInclude Include="Source\Modules\Module_Hex_Surface\Hex_surface_object\hex_surface_data_storage.h">
      <Filter>Header Files</Filter>
    </ClInclude>
    <ClInclude Include="Source\Modules\Module_Hex_Surface\Hex_surface_object\hex_surface_object.h">
      <Filter>Header Files</Filter>
    </ClInclude>
    <ClInclude Include="Source\Modules\Module_Hex_Surface\Hex_surface_object\hex_surface_parameters.h">
      <Filter>Header Files</Filter>
    </ClInclude>
    <ClInclude Include="Source\Modules\Module_Hex_Surface\Hex_surface_object\DataTypes\dt_hex_surface_automata.h">
      <Filter>Header Files</Filter>
    </ClInclude>
    <ClInclude Include="Source\Modules\Module_Hex_Surface\Hex_surface_object\DataTypes\dt_hex_surface_generator.h">
      <Filter>Header Files</Filter>
    </ClInclude>
    <ClInclude Include="Source\Modules\Module_Hex_Surface\Hex_surface_object\DataTypes\dt_hex_surface_shader_parameters.h">
      <Filter>Header Files</Filter>
    </ClInclude>
    <ClInclude Include="Source\Modules\Module_Hex_Surface\Editor\Widgets\hex_parameters_widget.h">
      <Filter>Header Files</Filter>
    </ClInclude>
    <ClInclude Include="Source\Modules\Module_Hex_Surface\Editor\Widgets\generator_widget.h">
      <Filter>Header Files</Filter>
    </ClInclude>
    <ClInclude Include="Source\Modules\Module_Hex_Surface\Editor\Widgets\generator_variables_widget.h">
      <Filter>Header Files</Filter>
    </ClInclude>
    <ClInclude Include="Source\Modules\Module_Hex_Surface\Editor\Widgets\shader_variables_widget.h">
      <Filter>Header Files</Filter>
    </ClInclude>
    <ClInclude Include="Source\Modules\Module_Hex_Surface\Editor\Widgets\shaders_widget.h">
      <Filter>Header Files</Filter>
    </ClInclude>
    <ClInclude Include="Source\Modules\Module_Hex_Surface\Editor\Widgets\automata_widget.h">
      <Filter>Header Files</Filter>
    </ClInclude>
    <ClInclude Include="Source\Modules\Module_Hex_Surface\Editor\Widgets\automata_rules_widget.h">
      <Filter>Header Files</Filter>
    </ClInclude>
    <ClInclude Include="Source\Modules\Module_Hex_Surface\Compute\hex_surface_compute_generation.h">
      <Filter>Header Files</Filter>
    </ClInclude>
    <ClInclude Include="Source\Modules\Module_Hex_Surface\Render\hex_surface_render.h">
      <Filter>Header Files</Filter>
    </ClInclude>
    <ClInclude Include="Source\Modules\Module_Hex_Surface\Hex_surface_object\hex_surface_import_export.h">
      <Filter>Header Files</Filter>
    </ClInclude>
    <ClInclude Include="Source\Modules\Module_Hex_Surface\Kernal\hex_surface_function_import_export.h">
      <Filter>Header Files</Filter>
    </ClInclude>
    <ClInclude Include="Source\Modules\Module_Hex_Surface\Automata\automata_hex_surface_import_export.h">
      <Filter>Header Files</Filter>
    </ClInclude>
    <ClInclude Include="Source\Modules\Module_Hex_Surface\Automata\hex_surface_automata_functions.h">
      <Filter>Header Files</Filter>
    </ClInclude>
    <ClInclude Include="Source\Modules\Module_Hex_Surface\Animation\hex_animation_functions.h">
      <Filter>Header Files</Filter>
    </ClInclude>
    <ClInclude Include="Source\Modules\Module_Hex_Surface\Functions\hex_surface_exports.h">
      <Filter>Header Files</Filter>
    </ClInclude>
    <ClInclude Include="Source\Modules\Module_Voxel_Byte\Editor\Widgets\cart_to_voxel_generator.h">
      <Filter>Header Files</Filter>
    </ClInclude>
  </ItemGroup>
  <ItemGroup>
    <None Include="Universal\ImGui\.editorconfig" />
    <None Include="Universal\ImGui\.gitattributes" />
    <None Include="Universal\ImGui\.gitignore" />
    <None Include="Universal\ImGui\misc\debuggers\imgui.gdb" />
    <None Include="Universal\ImGui\misc\debuggers\imgui.natstepfilter" />
    <None Include="Universal\ImGui\backends\vulkan\generate_spv.sh" />
    <None Include="Universal\ImGui\backends\vulkan\glsl_shader.frag" />
    <None Include="Universal\ImGui\backends\vulkan\glsl_shader.vert" />
  </ItemGroup>
  <ItemGroup>
    <Text Include="Universal\ImGui\LICENSE.txt" />
  </ItemGroup>
  <ItemGroup>
    <Natvis Include="Universal\ImGui\misc\debuggers\imgui.natvis" />
  </ItemGroup>
  <ItemGroup>
    <Font Include="Universal\ImGui\misc\fonts\Cousine-Regular.ttf" />
    <Font Include="Universal\ImGui\misc\fonts\DroidSans.ttf" />
    <Font Include="Universal\ImGui\misc\fonts\Karla-Regular.ttf" />
    <Font Include="Universal\ImGui\misc\fonts\ProggyClean.ttf" />
    <Font Include="Universal\ImGui\misc\fonts\ProggyTiny.ttf" />
    <Font Include="Universal\ImGui\misc\fonts\Roboto-Medium.ttf" />
  </ItemGroup>
</Project>